// !$*UTF8*$!
{
	archiveVersion = 1;
	classes = {
	};
	objectVersion = 46;
	objects = {

/* Begin PBXBuildFile section */
		CF094DF01F5FAFE500F24CF0 /* ActivityModel.swift in Sources */ = {isa = PBXBuildFile; fileRef = CF094DEF1F5FAFE500F24CF0 /* ActivityModel.swift */; };
		CF95954D1F58D17F00D108B5 /* NameBillViewController.swift in Sources */ = {isa = PBXBuildFile; fileRef = CF95954C1F58D17F00D108B5 /* NameBillViewController.swift */; };
		CF95954F1F58D50600D108B5 /* AppManager.swift in Sources */ = {isa = PBXBuildFile; fileRef = CF95954E1F58D50600D108B5 /* AppManager.swift */; };
		CF9595531F58E1F000D108B5 /* InputBillsViewController.swift in Sources */ = {isa = PBXBuildFile; fileRef = CF9595521F58E1F000D108B5 /* InputBillsViewController.swift */; };
		CF9595551F5927B700D108B5 /* CurrentBillsViewController.swift in Sources */ = {isa = PBXBuildFile; fileRef = CF9595541F5927B700D108B5 /* CurrentBillsViewController.swift */; };
		CF9595581F592BFA00D108B5 /* BillTableViewCell.swift in Sources */ = {isa = PBXBuildFile; fileRef = CF9595561F592BFA00D108B5 /* BillTableViewCell.swift */; };
		CF9595591F592BFA00D108B5 /* BillTableViewCell.xib in Resources */ = {isa = PBXBuildFile; fileRef = CF9595571F592BFA00D108B5 /* BillTableViewCell.xib */; };
		CF95955C1F5B4A5D00D108B5 /* ActivityNameTableViewCell.swift in Sources */ = {isa = PBXBuildFile; fileRef = CF95955A1F5B4A5D00D108B5 /* ActivityNameTableViewCell.swift */; };
		CF95955D1F5B4A5D00D108B5 /* ActivityNameTableViewCell.xib in Resources */ = {isa = PBXBuildFile; fileRef = CF95955B1F5B4A5D00D108B5 /* ActivityNameTableViewCell.xib */; };
		CFF0E9A71F48DD7B00770D70 /* AppDelegate.swift in Sources */ = {isa = PBXBuildFile; fileRef = CFF0E9A61F48DD7B00770D70 /* AppDelegate.swift */; };
		CFF0E9A91F48DD7B00770D70 /* HomePageViewController.swift in Sources */ = {isa = PBXBuildFile; fileRef = CFF0E9A81F48DD7B00770D70 /* HomePageViewController.swift */; };
		CFF0E9AC1F48DD7B00770D70 /* Main.storyboard in Resources */ = {isa = PBXBuildFile; fileRef = CFF0E9AA1F48DD7B00770D70 /* Main.storyboard */; };
		CFF0E9AE1F48DD7B00770D70 /* Assets.xcassets in Resources */ = {isa = PBXBuildFile; fileRef = CFF0E9AD1F48DD7B00770D70 /* Assets.xcassets */; };
		CFF0E9B11F48DD7B00770D70 /* LaunchScreen.storyboard in Resources */ = {isa = PBXBuildFile; fileRef = CFF0E9AF1F48DD7B00770D70 /* LaunchScreen.storyboard */; };
/* End PBXBuildFile section */

/* Begin PBXFileReference section */
		CF094DEF1F5FAFE500F24CF0 /* ActivityModel.swift */ = {isa = PBXFileReference; fileEncoding = 4; lastKnownFileType = sourcecode.swift; path = ActivityModel.swift; sourceTree = "<group>"; };
		CF95954C1F58D17F00D108B5 /* NameBillViewController.swift */ = {isa = PBXFileReference; fileEncoding = 4; lastKnownFileType = sourcecode.swift; name = NameBillViewController.swift; path = ../NameBillViewController.swift; sourceTree = "<group>"; };
		CF95954E1F58D50600D108B5 /* AppManager.swift */ = {isa = PBXFileReference; fileEncoding = 4; lastKnownFileType = sourcecode.swift; path = AppManager.swift; sourceTree = "<group>"; };
		CF9595521F58E1F000D108B5 /* InputBillsViewController.swift */ = {isa = PBXFileReference; fileEncoding = 4; lastKnownFileType = sourcecode.swift; path = InputBillsViewController.swift; sourceTree = "<group>"; };
		CF9595541F5927B700D108B5 /* CurrentBillsViewController.swift */ = {isa = PBXFileReference; fileEncoding = 4; lastKnownFileType = sourcecode.swift; path = CurrentBillsViewController.swift; sourceTree = "<group>"; };
		CF9595561F592BFA00D108B5 /* BillTableViewCell.swift */ = {isa = PBXFileReference; fileEncoding = 4; lastKnownFileType = sourcecode.swift; name = BillTableViewCell.swift; path = ../BillTableViewCell.swift; sourceTree = "<group>"; };
		CF9595571F592BFA00D108B5 /* BillTableViewCell.xib */ = {isa = PBXFileReference; fileEncoding = 4; lastKnownFileType = file.xib; name = BillTableViewCell.xib; path = ../BillTableViewCell.xib; sourceTree = "<group>"; };
		CF95955A1F5B4A5D00D108B5 /* ActivityNameTableViewCell.swift */ = {isa = PBXFileReference; fileEncoding = 4; lastKnownFileType = sourcecode.swift; path = ActivityNameTableViewCell.swift; sourceTree = "<group>"; };
		CF95955B1F5B4A5D00D108B5 /* ActivityNameTableViewCell.xib */ = {isa = PBXFileReference; fileEncoding = 4; lastKnownFileType = file.xib; path = ActivityNameTableViewCell.xib; sourceTree = "<group>"; };
		CFF0E9A31F48DD7B00770D70 /* SplitBills.app */ = {isa = PBXFileReference; explicitFileType = wrapper.application; includeInIndex = 0; path = SplitBills.app; sourceTree = BUILT_PRODUCTS_DIR; };
		CFF0E9A61F48DD7B00770D70 /* AppDelegate.swift */ = {isa = PBXFileReference; lastKnownFileType = sourcecode.swift; path = AppDelegate.swift; sourceTree = "<group>"; };
		CFF0E9A81F48DD7B00770D70 /* HomePageViewController.swift */ = {isa = PBXFileReference; lastKnownFileType = sourcecode.swift; path = HomePageViewController.swift; sourceTree = "<group>"; };
		CFF0E9AB1F48DD7B00770D70 /* Base */ = {isa = PBXFileReference; lastKnownFileType = file.storyboard; name = Base; path = Base.lproj/Main.storyboard; sourceTree = "<group>"; };
		CFF0E9AD1F48DD7B00770D70 /* Assets.xcassets */ = {isa = PBXFileReference; lastKnownFileType = folder.assetcatalog; path = Assets.xcassets; sourceTree = "<group>"; };
		CFF0E9B01F48DD7B00770D70 /* Base */ = {isa = PBXFileReference; lastKnownFileType = file.storyboard; name = Base; path = Base.lproj/LaunchScreen.storyboard; sourceTree = "<group>"; };
		CFF0E9B21F48DD7B00770D70 /* Info.plist */ = {isa = PBXFileReference; lastKnownFileType = text.plist.xml; path = Info.plist; sourceTree = "<group>"; };
/* End PBXFileReference section */

/* Begin PBXFrameworksBuildPhase section */
		CFF0E9A01F48DD7B00770D70 /* Frameworks */ = {
			isa = PBXFrameworksBuildPhase;
			buildActionMask = 2147483647;
			files = (
			);
			runOnlyForDeploymentPostprocessing = 0;
		};
/* End PBXFrameworksBuildPhase section */

/* Begin PBXGroup section */
		CFF0E99A1F48DD7B00770D70 = {
			isa = PBXGroup;
			children = (
				CFF0E9A51F48DD7B00770D70 /* SplitBills */,
				CFF0E9A41F48DD7B00770D70 /* Products */,
			);
			sourceTree = "<group>";
		};
		CFF0E9A41F48DD7B00770D70 /* Products */ = {
			isa = PBXGroup;
			children = (
				CFF0E9A31F48DD7B00770D70 /* SplitBills.app */,
			);
			name = Products;
			sourceTree = "<group>";
		};
		CFF0E9A51F48DD7B00770D70 /* SplitBills */ = {
			isa = PBXGroup;
			children = (
				CFF0E9A81F48DD7B00770D70 /* HomePageViewController.swift */,
				CF95954C1F58D17F00D108B5 /* NameBillViewController.swift */,
				CF9595541F5927B700D108B5 /* CurrentBillsViewController.swift */,
				CF9595521F58E1F000D108B5 /* InputBillsViewController.swift */,
				CF95954E1F58D50600D108B5 /* AppManager.swift */,
				CF094DEF1F5FAFE500F24CF0 /* ActivityModel.swift */,
				CF9595561F592BFA00D108B5 /* BillTableViewCell.swift */,
				CF9595571F592BFA00D108B5 /* BillTableViewCell.xib */,
				CF95955A1F5B4A5D00D108B5 /* ActivityNameTableViewCell.swift */,
				CF95955B1F5B4A5D00D108B5 /* ActivityNameTableViewCell.xib */,
				CFF0E9A61F48DD7B00770D70 /* AppDelegate.swift */,
				CFF0E9AA1F48DD7B00770D70 /* Main.storyboard */,
				CFF0E9AD1F48DD7B00770D70 /* Assets.xcassets */,
				CFF0E9AF1F48DD7B00770D70 /* LaunchScreen.storyboard */,
				CFF0E9B21F48DD7B00770D70 /* Info.plist */,
			);
			path = SplitBills;
			sourceTree = "<group>";
		};
/* End PBXGroup section */

/* Begin PBXNativeTarget section */
		CFF0E9A21F48DD7B00770D70 /* SplitBills */ = {
			isa = PBXNativeTarget;
			buildConfigurationList = CFF0E9B51F48DD7B00770D70 /* Build configuration list for PBXNativeTarget "SplitBills" */;
			buildPhases = (
				CFF0E99F1F48DD7B00770D70 /* Sources */,
				CFF0E9A01F48DD7B00770D70 /* Frameworks */,
				CFF0E9A11F48DD7B00770D70 /* Resources */,
			);
			buildRules = (
			);
			dependencies = (
			);
			name = SplitBills;
			productName = SplitBills;
			productReference = CFF0E9A31F48DD7B00770D70 /* SplitBills.app */;
			productType = "com.apple.product-type.application";
		};
/* End PBXNativeTarget section */

/* Begin PBXProject section */
		CFF0E99B1F48DD7B00770D70 /* Project object */ = {
			isa = PBXProject;
			attributes = {
				LastSwiftUpdateCheck = 0830;
				LastUpgradeCheck = 0830;
				ORGANIZATIONNAME = Ayhan;
				TargetAttributes = {
					CFF0E9A21F48DD7B00770D70 = {
						CreatedOnToolsVersion = 8.3.3;
						DevelopmentTeam = ZAT7G7S5YF;
						ProvisioningStyle = Automatic;
					};
				};
			};
			buildConfigurationList = CFF0E99E1F48DD7B00770D70 /* Build configuration list for PBXProject "SplitBills" */;
			compatibilityVersion = "Xcode 3.2";
			developmentRegion = English;
			hasScannedForEncodings = 0;
			knownRegions = (
				en,
				Base,
			);
			mainGroup = CFF0E99A1F48DD7B00770D70;
			productRefGroup = CFF0E9A41F48DD7B00770D70 /* Products */;
			projectDirPath = "";
			projectRoot = "";
			targets = (
				CFF0E9A21F48DD7B00770D70 /* SplitBills */,
			);
		};
/* End PBXProject section */

/* Begin PBXResourcesBuildPhase section */
		CFF0E9A11F48DD7B00770D70 /* Resources */ = {
			isa = PBXResourcesBuildPhase;
			buildActionMask = 2147483647;
			files = (
				CF9595591F592BFA00D108B5 /* BillTableViewCell.xib in Resources */,
				CFF0E9B11F48DD7B00770D70 /* LaunchScreen.storyboard in Resources */,
				CF95955D1F5B4A5D00D108B5 /* ActivityNameTableViewCell.xib in Resources */,
				CFF0E9AE1F48DD7B00770D70 /* Assets.xcassets in Resources */,
				CFF0E9AC1F48DD7B00770D70 /* Main.storyboard in Resources */,
			);
			runOnlyForDeploymentPostprocessing = 0;
		};
/* End PBXResourcesBuildPhase section */

/* Begin PBXSourcesBuildPhase section */
		CFF0E99F1F48DD7B00770D70 /* Sources */ = {
			isa = PBXSourcesBuildPhase;
			buildActionMask = 2147483647;
			files = (
				CF9595581F592BFA00D108B5 /* BillTableViewCell.swift in Sources */,
				CF9595531F58E1F000D108B5 /* InputBillsViewController.swift in Sources */,
				CF094DF01F5FAFE500F24CF0 /* ActivityModel.swift in Sources */,
				CF95954D1F58D17F00D108B5 /* NameBillViewController.swift in Sources */,
				CF95955C1F5B4A5D00D108B5 /* ActivityNameTableViewCell.swift in Sources */,
				CFF0E9A91F48DD7B00770D70 /* HomePageViewController.swift in Sources */,
				CF9595551F5927B700D108B5 /* CurrentBillsViewController.swift in Sources */,
				CF95954F1F58D50600D108B5 /* AppManager.swift in Sources */,
				CFF0E9A71F48DD7B00770D70 /* AppDelegate.swift in Sources */,
			);
			runOnlyForDeploymentPostprocessing = 0;
		};
/* End PBXSourcesBuildPhase section */

/* Begin PBXVariantGroup section */
		CFF0E9AA1F48DD7B00770D70 /* Main.storyboard */ = {
			isa = PBXVariantGroup;
			children = (
				CFF0E9AB1F48DD7B00770D70 /* Base */,
			);
			name = Main.storyboard;
			sourceTree = "<group>";
		};
		CFF0E9AF1F48DD7B00770D70 /* LaunchScreen.storyboard */ = {
			isa = PBXVariantGroup;
			children = (
				CFF0E9B01F48DD7B00770D70 /* Base */,
			);
			name = LaunchScreen.storyboard;
			sourceTree = "<group>";
		};
/* End PBXVariantGroup section */

/* Begin XCBuildConfiguration section */
		CFF0E9B31F48DD7B00770D70 /* Debug */ = {
			isa = XCBuildConfiguration;
			buildSettings = {
				ALWAYS_SEARCH_USER_PATHS = NO;
				CLANG_ANALYZER_NONNULL = YES;
				CLANG_ANALYZER_NUMBER_OBJECT_CONVERSION = YES_AGGRESSIVE;
				CLANG_CXX_LANGUAGE_STANDARD = "gnu++0x";
				CLANG_CXX_LIBRARY = "libc++";
				CLANG_ENABLE_MODULES = YES;
				CLANG_ENABLE_OBJC_ARC = YES;
				CLANG_WARN_BOOL_CONVERSION = YES;
				CLANG_WARN_CONSTANT_CONVERSION = YES;
				CLANG_WARN_DIRECT_OBJC_ISA_USAGE = YES_ERROR;
				CLANG_WARN_DOCUMENTATION_COMMENTS = YES;
				CLANG_WARN_EMPTY_BODY = YES;
				CLANG_WARN_ENUM_CONVERSION = YES;
				CLANG_WARN_INFINITE_RECURSION = YES;
				CLANG_WARN_INT_CONVERSION = YES;
				CLANG_WARN_OBJC_ROOT_CLASS = YES_ERROR;
				CLANG_WARN_SUSPICIOUS_MOVE = YES;
				CLANG_WARN_UNREACHABLE_CODE = YES;
				CLANG_WARN__DUPLICATE_METHOD_MATCH = YES;
				"CODE_SIGN_IDENTITY[sdk=iphoneos*]" = "iPhone Developer";
				COPY_PHASE_STRIP = NO;
				DEBUG_INFORMATION_FORMAT = dwarf;
				ENABLE_STRICT_OBJC_MSGSEND = YES;
				ENABLE_TESTABILITY = YES;
				GCC_C_LANGUAGE_STANDARD = gnu99;
				GCC_DYNAMIC_NO_PIC = NO;
				GCC_NO_COMMON_BLOCKS = YES;
				GCC_OPTIMIZATION_LEVEL = 0;
				GCC_PREPROCESSOR_DEFINITIONS = (
					"DEBUG=1",
					"$(inherited)",
				);
				GCC_WARN_64_TO_32_BIT_CONVERSION = YES;
				GCC_WARN_ABOUT_RETURN_TYPE = YES_ERROR;
				GCC_WARN_UNDECLARED_SELECTOR = YES;
				GCC_WARN_UNINITIALIZED_AUTOS = YES_AGGRESSIVE;
				GCC_WARN_UNUSED_FUNCTION = YES;
				GCC_WARN_UNUSED_VARIABLE = YES;
				IPHONEOS_DEPLOYMENT_TARGET = 10.3;
				MTL_ENABLE_DEBUG_INFO = YES;
				ONLY_ACTIVE_ARCH = YES;
				SDKROOT = iphoneos;
				SWIFT_ACTIVE_COMPILATION_CONDITIONS = DEBUG;
				SWIFT_OPTIMIZATION_LEVEL = "-Onone";
				TARGETED_DEVICE_FAMILY = "1,2";
			};
			name = Debug;
		};
		CFF0E9B41F48DD7B00770D70 /* Release */ = {
			isa = XCBuildConfiguration;
			buildSettings = {
				ALWAYS_SEARCH_USER_PATHS = NO;
				CLANG_ANALYZER_NONNULL = YES;
				CLANG_ANALYZER_NUMBER_OBJECT_CONVERSION = YES_AGGRESSIVE;
				CLANG_CXX_LANGUAGE_STANDARD = "gnu++0x";
				CLANG_CXX_LIBRARY = "libc++";
				CLANG_ENABLE_MODULES = YES;
				CLANG_ENABLE_OBJC_ARC = YES;
				CLANG_WARN_BOOL_CONVERSION = YES;
				CLANG_WARN_CONSTANT_CONVERSION = YES;
				CLANG_WARN_DIRECT_OBJC_ISA_USAGE = YES_ERROR;
				CLANG_WARN_DOCUMENTATION_COMMENTS = YES;
				CLANG_WARN_EMPTY_BODY = YES;
				CLANG_WARN_ENUM_CONVERSION = YES;
				CLANG_WARN_INFINITE_RECURSION = YES;
				CLANG_WARN_INT_CONVERSION = YES;
				CLANG_WARN_OBJC_ROOT_CLASS = YES_ERROR;
				CLANG_WARN_SUSPICIOUS_MOVE = YES;
				CLANG_WARN_UNREACHABLE_CODE = YES;
				CLANG_WARN__DUPLICATE_METHOD_MATCH = YES;
				"CODE_SIGN_IDENTITY[sdk=iphoneos*]" = "iPhone Developer";
				COPY_PHASE_STRIP = NO;
				DEBUG_INFORMATION_FORMAT = "dwarf-with-dsym";
				ENABLE_NS_ASSERTIONS = NO;
				ENABLE_STRICT_OBJC_MSGSEND = YES;
				GCC_C_LANGUAGE_STANDARD = gnu99;
				GCC_NO_COMMON_BLOCKS = YES;
				GCC_WARN_64_TO_32_BIT_CONVERSION = YES;
				GCC_WARN_ABOUT_RETURN_TYPE = YES_ERROR;
				GCC_WARN_UNDECLARED_SELECTOR = YES;
				GCC_WARN_UNINITIALIZED_AUTOS = YES_AGGRESSIVE;
				GCC_WARN_UNUSED_FUNCTION = YES;
				GCC_WARN_UNUSED_VARIABLE = YES;
				IPHONEOS_DEPLOYMENT_TARGET = 10.3;
				MTL_ENABLE_DEBUG_INFO = NO;
				SDKROOT = iphoneos;
				SWIFT_OPTIMIZATION_LEVEL = "-Owholemodule";
				TARGETED_DEVICE_FAMILY = "1,2";
				VALIDATE_PRODUCT = YES;
			};
			name = Release;
		};
		CFF0E9B61F48DD7B00770D70 /* Debug */ = {
			isa = XCBuildConfiguration;
			buildSettings = {
				ASSETCATALOG_COMPILER_APPICON_NAME = AppIcon;
				DEVELOPMENT_TEAM = ZAT7G7S5YF;
				INFOPLIST_FILE = SplitBills/Info.plist;
				LD_RUNPATH_SEARCH_PATHS = "$(inherited) @executable_path/Frameworks";
				PRODUCT_BUNDLE_IDENTIFIER = ayqolpan.SplitBills;
				PRODUCT_NAME = "$(TARGET_NAME)";
				SWIFT_VERSION = 3.0;
			};
			name = Debug;
		};
		CFF0E9B71F48DD7B00770D70 /* Release */ = {
			isa = XCBuildConfiguration;
			buildSettings = {
				ASSETCATALOG_COMPILER_APPICON_NAME = AppIcon;
				DEVELOPMENT_TEAM = ZAT7G7S5YF;
				INFOPLIST_FILE = SplitBills/Info.plist;
				LD_RUNPATH_SEARCH_PATHS = "$(inherited) @executable_path/Frameworks";
				PRODUCT_BUNDLE_IDENTIFIER = ayqolpan.SplitBills;
				PRODUCT_NAME = "$(TARGET_NAME)";
				SWIFT_VERSION = 3.0;
			};
			name = Release;
		};
/* End XCBuildConfiguration section */

/* Begin XCConfigurationList section */
		CFF0E99E1F48DD7B00770D70 /* Build configuration list for PBXProject "SplitBills" */ = {
			isa = XCConfigurationList;
			buildConfigurations = (
				CFF0E9B31F48DD7B00770D70 /* Debug */,
				CFF0E9B41F48DD7B00770D70 /* Release */,
			);
			defaultConfigurationIsVisible = 0;
			defaultConfigurationName = Release;
		};
		CFF0E9B51F48DD7B00770D70 /* Build configuration list for PBXNativeTarget "SplitBills" */ = {
			isa = XCConfigurationList;
			buildConfigurations = (
				CFF0E9B61F48DD7B00770D70 /* Debug */,
				CFF0E9B71F48DD7B00770D70 /* Release */,
			);
			defaultConfigurationIsVisible = 0;
			defaultConfigurationName = Release;
		};
/* End XCConfigurationList section */
	};
	rootObject = CFF0E99B1F48DD7B00770D70 /* Project object */;
}
